
Microsoft Visual Studio Solution File, Format Version 12.00
# Visual Studio Version 17
VisualStudioVersion = 17.4.33213.308
MinimumVisualStudioVersion = 10.0.40219.1
Project("{FAE04EC0-301F-11D3-BF4B-00C04F79EFBC}") = "SaleWebMvc", "SaleWebMvc\SaleWebMvc.csproj", "{DF572BA3-829B-4AB4-8C89-B255B8B4474A}"
EndProject
Global
	GlobalSection(SolutionConfigurationPlatforms) = preSolution
		Debug|Any CPU = Debug|Any CPU
		Release|Any CPU = Release|Any CPU
	EndGlobalSection
	GlobalSection(ProjectConfigurationPlatforms) = postSolution
		{DF572BA3-829B-4AB4-8C89-B255B8B4474A}.Debug|Any CPU.ActiveCfg = Debug|Any CPU
		{DF572BA3-829B-4AB4-8C89-B255B8B4474A}.Debug|Any CPU.Build.0 = Debug|Any CPU
		{DF572BA3-829B-4AB4-8C89-B255B8B4474A}.Release|Any CPU.ActiveCfg = Release|Any CPU
		{DF572BA3-829B-4AB4-8C89-B255B8B4474A}.Release|Any CPU.Build.0 = Release|Any CPU
	EndGlobalSection
	GlobalSection(SolutionProperties) = preSolution
		HideSolutionNode = FALSE
	EndGlobalSection
	GlobalSection(ExtensibilityGlobals) = postSolution
		SolutionGuid = {5A42DEC5-49A3-4139-AC2C-D487C2F45E68}
	EndGlobalSection
EndGlobal
